
Microsoft Visual Studio Solution File, Format Version 12.00
# Visual Studio 15
VisualStudioVersion = 15.0.28307.489
MinimumVisualStudioVersion = 10.0.40219.1
Project("{8BC9CEB8-8B4A-11D0-8D11-00A0C91BC942}") = "VersionCheck", "VersionCheck\VersionCheck.vcxproj", "{8F643EEF-B1C3-4A72-89E0-C5F982A41CA7}"
EndProject
Project("{8BC9CEB8-8B4A-11D0-8D11-00A0C91BC942}") = "UnitTest", "UnitTest\UnitTest.vcxproj", "{C9C3BDFE-DEE3-4747-8892-18D8B1611059}"
EndProject
Global
	GlobalSection(SolutionConfigurationPlatforms) = preSolution
		Debug|x64 = Debug|x64
		Debug|x86 = Debug|x86
		Release|x64 = Release|x64
		Release|x86 = Release|x86
	EndGlobalSection
	GlobalSection(ProjectConfigurationPlatforms) = postSolution
		{8F643EEF-B1C3-4A72-89E0-C5F982A41CA7}.Debug|x64.ActiveCfg = Debug|x64
		{8F643EEF-B1C3-4A72-89E0-C5F982A41CA7}.Debug|x64.Build.0 = Debug|x64
		{8F643EEF-B1C3-4A72-89E0-C5F982A41CA7}.Debug|x86.ActiveCfg = Debug|Win32
		{8F643EEF-B1C3-4A72-89E0-C5F982A41CA7}.Debug|x86.Build.0 = Debug|Win32
		{8F643EEF-B1C3-4A72-89E0-C5F982A41CA7}.Release|x64.ActiveCfg = Release|x64
		{8F643EEF-B1C3-4A72-89E0-C5F982A41CA7}.Release|x64.Build.0 = Release|x64
		{8F643EEF-B1C3-4A72-89E0-C5F982A41CA7}.Release|x86.ActiveCfg = Release|Win32
		{8F643EEF-B1C3-4A72-89E0-C5F982A41CA7}.Release|x86.Build.0 = Release|Win32
		{C9C3BDFE-DEE3-4747-8892-18D8B1611059}.Debug|x64.ActiveCfg = Debug|x64
		{C9C3BDFE-DEE3-4747-8892-18D8B1611059}.Debug|x64.Build.0 = Debug|x64
		{C9C3BDFE-DEE3-4747-8892-18D8B1611059}.Debug|x86.ActiveCfg = Debug|Win32
		{C9C3BDFE-DEE3-4747-8892-18D8B1611059}.Debug|x86.Build.0 = Debug|Win32
		{C9C3BDFE-DEE3-4747-8892-18D8B1611059}.Release|x64.ActiveCfg = Release|x64
		{C9C3BDFE-DEE3-4747-8892-18D8B1611059}.Release|x64.Build.0 = Release|x64
		{C9C3BDFE-DEE3-4747-8892-18D8B1611059}.Release|x86.ActiveCfg = Release|Win32
		{C9C3BDFE-DEE3-4747-8892-18D8B1611059}.Release|x86.Build.0 = Release|Win32
	EndGlobalSection
	GlobalSection(SolutionProperties) = preSolution
		HideSolutionNode = FALSE
	EndGlobalSection
	GlobalSection(ExtensibilityGlobals) = postSolution
		SolutionGuid = {6C3EF128-275A-4BF0-B825-D6E4E37A0547}
	EndGlobalSection
EndGlobal
